
Microsoft Visual Studio Solution File, Format Version 12.00
# Visual Studio Version 17
VisualStudioVersion = 17.3.32922.545
MinimumVisualStudioVersion = 10.0.40219.1
Project("{FAE04EC0-301F-11D3-BF4B-00C04F79EFBC}") = "inventoryManagement", "inventoryManagement\inventoryManagement.csproj", "{4DBBF00A-ADB9-424B-8B55-A493D3DFA847}"
EndProject
Global
	GlobalSection(SolutionConfigurationPlatforms) = preSolution
		Debug|Any CPU = Debug|Any CPU
		Release|Any CPU = Release|Any CPU
	EndGlobalSection
	GlobalSection(ProjectConfigurationPlatforms) = postSolution
		{4DBBF00A-ADB9-424B-8B55-A493D3DFA847}.Debug|Any CPU.ActiveCfg = Debug|Any CPU
		{4DBBF00A-ADB9-424B-8B55-A493D3DFA847}.Debug|Any CPU.Build.0 = Debug|Any CPU
		{4DBBF00A-ADB9-424B-8B55-A493D3DFA847}.Release|Any CPU.ActiveCfg = Release|Any CPU
		{4DBBF00A-ADB9-424B-8B55-A493D3DFA847}.Release|Any CPU.Build.0 = Release|Any CPU
	EndGlobalSection
	GlobalSection(SolutionProperties) = preSolution
		HideSolutionNode = FALSE
	EndGlobalSection
	GlobalSection(ExtensibilityGlobals) = postSolution
		SolutionGuid = {26E2AFFD-B41A-4598-A0BA-456F7C716DC1}
	EndGlobalSection
EndGlobal
